
Microsoft Visual Studio Solution File, Format Version 12.00
# Visual Studio Version 16
VisualStudioVersion = 16.0.30517.126
MinimumVisualStudioVersion = 10.0.40219.1
Project("{FAE04EC0-301F-11D3-BF4B-00C04F79EFBC}") = "HomeGymManager", "WindowsFormsApp1\HomeGymManager.csproj", "{8A83E1C2-3B2E-410E-9F5C-6164905ABCF4}"
EndProject
Global
	GlobalSection(SolutionConfigurationPlatforms) = preSolution
		Debug|Any CPU = Debug|Any CPU
		Release|Any CPU = Release|Any CPU
	EndGlobalSection
	GlobalSection(ProjectConfigurationPlatforms) = postSolution
		{8A83E1C2-3B2E-410E-9F5C-6164905ABCF4}.Debug|Any CPU.ActiveCfg = Debug|Any CPU
		{8A83E1C2-3B2E-410E-9F5C-6164905ABCF4}.Debug|Any CPU.Build.0 = Debug|Any CPU
		{8A83E1C2-3B2E-410E-9F5C-6164905ABCF4}.Release|Any CPU.ActiveCfg = Release|Any CPU
		{8A83E1C2-3B2E-410E-9F5C-6164905ABCF4}.Release|Any CPU.Build.0 = Release|Any CPU
	EndGlobalSection
	GlobalSection(SolutionProperties) = preSolution
		HideSolutionNode = FALSE
	EndGlobalSection
	GlobalSection(ExtensibilityGlobals) = postSolution
		SolutionGuid = {22623BF6-0E20-4B73-AF1F-1101E0F4851A}
	EndGlobalSection
EndGlobal
